{
    "name": "@plurnk/plurnk",
    "version": "0.77.1",
    "lockfileVersion": 3,
    "requires": true,
    "packages": {
        "": {
            "name": "@plurnk/plurnk",
            "version": "0.77.1",
            "license": "MIT",
            "dependencies": {
                "@ag-ui/client": "^0.0.58",
                "@ag-ui/core": "^0.0.58",
                "@earendil-works/pi-tui": "^0.84.3",
                "@plurnk/plurnk-contracts": "^1.10.1",
                "beautiful-mermaid": "^1.1.3",
                "cli-table3": "^0.6.5",
                "marked": "^18.0.11",
                "string-width": "^8.2.2",
                "wrap-ansi": "^10.0.1"
            },
            "bin": {
                "plurnk": "bin/plurnk.js"
            },
            "devDependencies": {
                "@types/node": "^26.1.1",
                "@types/ws": "^8.18.1",
                "node-pty": "^1.1.0",
                "typescript": "^7.0.2"
            },
            "engines": {
                "node": ">=26"
            }
        },
        "node_modules/@ag-ui/client": {
            "version": "0.0.58",
            "resolved": "https://registry.npmjs.org/@ag-ui/client/-/client-0.0.58.tgz",
            "integrity": "sha512-9tAUJ6Ot0y2f5Va7xGFhUSO5OPAjilMsPdmKNmAUR774LKWcvNpriJ6mqH3p/ewUue1zfoUo4vpX+9Xo/zsuzA==",
            "license": "MIT",
            "dependencies": {
                "@ag-ui/core": "0.0.58",
                "@ag-ui/encoder": "0.0.58",
                "@ag-ui/proto": "0.0.58",
                "@types/uuid": "^10.0.0",
                "compare-versions": "^6.1.1",
                "fast-json-patch": "^3.1.1",
                "rxjs": "7.8.1",
                "untruncate-json": "^0.0.1",
                "uuid": "^11.1.0",
                "zod": "^3.22.4"
            }
        },
        "node_modules/@ag-ui/core": {
            "version": "0.0.58",
            "resolved": "https://registry.npmjs.org/@ag-ui/core/-/core-0.0.58.tgz",
            "integrity": "sha512-XgGb7YmhV+yMBaEmlrpsd5S+nUxq0JgSegss2t4gIFR1j7w3w0ibtKfRgcQHWeMvwZxcT5S28VEEarqtgxYYHw==",
            "license": "MIT",
            "dependencies": {
                "zod": "^3.22.4"
            }
        },
        "node_modules/@ag-ui/encoder": {
            "version": "0.0.58",
            "resolved": "https://registry.npmjs.org/@ag-ui/encoder/-/encoder-0.0.58.tgz",
            "integrity": "sha512-eMfjJbfAGTQECgNX3QO0Mt0V5OrIViowSPmGLzdO92q2x506K2hRs2VBlfEuAzpDFp6Eq23Q/vjNHFzv37StZw==",
            "license": "MIT",
            "dependencies": {
                "@ag-ui/core": "0.0.58",
                "@ag-ui/proto": "0.0.58"
            }
        },
        "node_modules/@ag-ui/proto": {
            "version": "0.0.58",
            "resolved": "https://registry.npmjs.org/@ag-ui/proto/-/proto-0.0.58.tgz",
            "integrity": "sha512-fErOnFPfpZlNSreeOEdUVuCzTQI463JoUo1DNx4grAvSZPOg4tVgqvG2s82qJE9pZoh48VSUqk6hyV82GT/wIA==",
            "license": "MIT",
            "dependencies": {
                "@ag-ui/core": "0.0.58",
                "@bufbuild/protobuf": "^2.2.5",
                "@protobuf-ts/protoc": "^2.11.1"
            }
        },
        "node_modules/@bufbuild/protobuf": {
            "version": "2.14.0",
            "resolved": "https://registry.npmjs.org/@bufbuild/protobuf/-/protobuf-2.14.0.tgz",
            "integrity": "sha512-C3UGsiCwSprE2NKIIFA3hCDlpXTMCAXRZuEVp88L1GY36Y41+rYL5fryE+nOFhp4p4JPQvdV8PQ4DWgHgeTE+w==",
            "license": "(Apache-2.0 AND BSD-3-Clause)"
        },
        "node_modules/@cfworker/json-schema": {
            "version": "4.1.1",
            "resolved": "https://registry.npmjs.org/@cfworker/json-schema/-/json-schema-4.1.1.tgz",
            "integrity": "sha512-gAmrUZSGtKc3AiBL71iNWxDsyUC5uMaKKGdvzYsBoTW/xi42JQHl7eKV2OYzCUqvc+D2RCcf7EXY2iCyFIk6og==",
            "license": "MIT"
        },
        "node_modules/@colors/colors": {
            "version": "1.5.0",
            "resolved": "https://registry.npmjs.org/@colors/colors/-/colors-1.5.0.tgz",
            "integrity": "sha512-ooWCrlZP11i8GImSjTHYHLkvFDP48nS4+204nGb1RiX/WXYHmJA2III9/e2DWVabCESdW7hBAEzHRqUn9OUVvQ==",
            "license": "MIT",
            "optional": true,
            "engines": {
                "node": ">=0.1.90"
            }
        },
        "node_modules/@earendil-works/pi-tui": {
            "version": "0.84.3",
            "resolved": "https://registry.npmjs.org/@earendil-works/pi-tui/-/pi-tui-0.84.3.tgz",
            "integrity": "sha512-fS6OEQKEEALnKa6Uw8LcgZZ+9CWck7f3MQSCETQp6leUgIFwMEDtKmOUnL9nsYm+RIPmy7OmplVxYRbV6hiaFg==",
            "license": "MIT",
            "dependencies": {
                "get-east-asian-width": "1.6.0",
                "marked": "18.0.5"
            },
            "engines": {
                "node": ">=22.19.0"
            }
        },
        "node_modules/@earendil-works/pi-tui/node_modules/marked": {
            "version": "18.0.5",
            "resolved": "https://registry.npmjs.org/marked/-/marked-18.0.5.tgz",
            "integrity": "sha512-S6GcvALHg6K4ohtu4E7x0a1AqhAjp6cV8KhLSyN9qVapnzJkusVBxZRcIU9AeYsbe6P1hKDusSbEOzGyyuce6w==",
            "license": "MIT",
            "bin": {
                "marked": "bin/marked.js"
            },
            "engines": {
                "node": ">= 20"
            }
        },
        "node_modules/@plurnk/plurnk-contracts": {
            "version": "1.10.1",
            "resolved": "https://registry.npmjs.org/@plurnk/plurnk-contracts/-/plurnk-contracts-1.10.1.tgz",
            "integrity": "sha512-0qt5aCcX4lTnf2fg/R4M04RUJftKWTgVRLwGYGYW9Y3sV3lvy024Tl2u4ySZgVSovSuA7Ol3rUCE+u2F1ZryWA==",
            "license": "MIT",
            "dependencies": {
                "@cfworker/json-schema": "^4.1.1",
                "antlr4ng": "^3.0.0",
                "json-p3": "^2.2.2",
                "xpath": "^0.0.34"
            },
            "bin": {
                "plurnk-contracts": "bin/plurnk-contracts.js"
            },
            "engines": {
                "node": ">=26"
            }
        },
        "node_modules/@protobuf-ts/protoc": {
            "version": "2.11.1",
            "resolved": "https://registry.npmjs.org/@protobuf-ts/protoc/-/protoc-2.11.1.tgz",
            "integrity": "sha512-mUZJaV0daGO6HUX90o/atzQ6A7bbN2RSuHtdwo8SSF2Qoe3zHwa4IHyCN1evftTeHfLmdz+45qo47sL+5P8nyg==",
            "license": "Apache-2.0",
            "bin": {
                "protoc": "protoc.js"
            }
        },
        "node_modules/@types/node": {
            "version": "26.3.0",
            "resolved": "https://registry.npmjs.org/@types/node/-/node-26.3.0.tgz",
            "integrity": "sha512-L3fgrnchriRC2ExBflb8j4uZZURHZfQsmQeyVzhjcHW4kkwVyo8/0h1B2MVzMTrYUJYu6G7EWs14hW/L9putqw==",
            "dev": true,
            "license": "MIT",
            "dependencies": {
                "undici-types": "~8.3.0"
            }
        },
        "node_modules/@types/uuid": {
            "version": "10.0.0",
            "resolved": "https://registry.npmjs.org/@types/uuid/-/uuid-10.0.0.tgz",
            "integrity": "sha512-7gqG38EyHgyP1S+7+xomFtL+ZNHcKv6DwNaCZmJmo1vgMugyF3TCnXVg4t1uk89mLNwnLtnY3TpOpCOyp1/xHQ==",
            "license": "MIT"
        },
        "node_modules/@types/ws": {
            "version": "8.18.1",
            "resolved": "https://registry.npmjs.org/@types/ws/-/ws-8.18.1.tgz",
            "integrity": "sha512-ThVF6DCVhA8kUGy+aazFQ4kXQ7E1Ty7A3ypFOe0IcJV8O/M511G99AW24irKrW56Wt44yG9+ij8FaqoBGkuBXg==",
            "dev": true,
            "license": "MIT",
            "dependencies": {
                "@types/node": "*"
            }
        },
        "node_modules/@typescript/typescript-aix-ppc64": {
            "version": "7.0.2",
            "resolved": "https://registry.npmjs.org/@typescript/typescript-aix-ppc64/-/typescript-aix-ppc64-7.0.2.tgz",
            "integrity": "sha512-MTKKkWB7p/0E9xi1d1tHtZ5PiLkGEMIq88pK2CubZjOsLtYTLqhgIgi6zepFa+9GHZ6h05NMCkQxGKiPXMxXtQ==",
            "cpu": [
                "ppc64"
            ],
            "dev": true,
            "license": "Apache-2.0",
            "optional": true,
            "os": [
                "aix"
            ],
            "engines": {
                "node": ">=16.20.0"
            }
        },
        "node_modules/@typescript/typescript-darwin-arm64": {
            "version": "7.0.2",
            "resolved": "https://registry.npmjs.org/@typescript/typescript-darwin-arm64/-/typescript-darwin-arm64-7.0.2.tgz",
            "integrity": "sha512-gowzar9MwS/aRWp6f3a4KUqzRjAZjOsmGNCM6LcTgXum+dBfgsBVMN+AgvOCCbguXyick6LJhpBszxMebJ8syA==",
            "cpu": [
                "arm64"
            ],
            "dev": true,
            "license": "Apache-2.0",
            "optional": true,
            "os": [
                "darwin"
            ],
            "engines": {
                "node": ">=16.20.0"
            }
        },
        "node_modules/@typescript/typescript-darwin-x64": {
            "version": "7.0.2",
            "resolved": "https://registry.npmjs.org/@typescript/typescript-darwin-x64/-/typescript-darwin-x64-7.0.2.tgz",
            "integrity": "sha512-SZ9xZInqApNlNGc9s0W1VSsktYSOe9cFqNOIqmN1Gs8SmkjKZYFt017G4VwPxASInODuAdbTW7sXiFUf893RgA==",
            "cpu": [
                "x64"
            ],
            "dev": true,
            "license": "Apache-2.0",
            "optional": true,
            "os": [
                "darwin"
            ],
            "engines": {
                "node": ">=16.20.0"
            }
        },
        "node_modules/@typescript/typescript-freebsd-arm64": {
            "version": "7.0.2",
            "resolved": "https://registry.npmjs.org/@typescript/typescript-freebsd-arm64/-/typescript-freebsd-arm64-7.0.2.tgz",
            "integrity": "sha512-W5NH4y/J0plIIS5b2xvTEkU7JFxyqdMAOgf+Ilhl0vHQXKO5dZoxd+C/jEtq56c4F3wk71RB4BMRQ2XdI+bwYQ==",
            "cpu": [
                "arm64"
            ],
            "dev": true,
            "license": "Apache-2.0",
            "optional": true,
            "os": [
                "freebsd"
            ],
            "engines": {
                "node": ">=16.20.0"
            }
        },
        "node_modules/@typescript/typescript-freebsd-x64": {
            "version": "7.0.2",
            "resolved": "https://registry.npmjs.org/@typescript/typescript-freebsd-x64/-/typescript-freebsd-x64-7.0.2.tgz",
            "integrity": "sha512-UMGDx5sTpzNw3WiPebH7l90IWfJggEd+egHt/q6p7/Cm3zqoV7VxkGXt+3DxPIw8CcmvAB0j3sVVfbhX+M4Tpw==",
            "cpu": [
                "x64"
            ],
            "dev": true,
            "license": "Apache-2.0",
            "optional": true,
            "os": [
                "freebsd"
            ],
            "engines": {
                "node": ">=16.20.0"
            }
        },
        "node_modules/@typescript/typescript-linux-arm": {
            "version": "7.0.2",
            "resolved": "https://registry.npmjs.org/@typescript/typescript-linux-arm/-/typescript-linux-arm-7.0.2.tgz",
            "integrity": "sha512-gffT3xPz9sR7j/YJExkyPntrI0P2EP9XbOyWzth2/Gs0RstK+90RBcO0ncXoXy/beYll1SXw846Nf2zdnEz0QQ==",
            "cpu": [
                "arm"
            ],
            "dev": true,
            "license": "Apache-2.0",
            "optional": true,
            "os": [
                "linux"
            ],
            "engines": {
                "node": ">=16.20.0"
            }
        },
        "node_modules/@typescript/typescript-linux-arm64": {
            "version": "7.0.2",
            "resolved": "https://registry.npmjs.org/@typescript/typescript-linux-arm64/-/typescript-linux-arm64-7.0.2.tgz",
            "integrity": "sha512-Qh4eU4/y3yDjnfjjyPYihMj5/ODIlmt+Bzu17OI+fiSRDW57QmU5SiN63exPRNJPKUzcc1INa1NXdrJ+MqHjUQ==",
            "cpu": [
                "arm64"
            ],
            "dev": true,
            "license": "Apache-2.0",
            "optional": true,
            "os": [
                "linux"
            ],
            "engines": {
                "node": ">=16.20.0"
            }
        },
        "node_modules/@typescript/typescript-linux-loong64": {
            "version": "7.0.2",
            "resolved": "https://registry.npmjs.org/@typescript/typescript-linux-loong64/-/typescript-linux-loong64-7.0.2.tgz",
            "integrity": "sha512-uEHck9i8hoAzXPiYRib1O7miOnz23SxIeVl6F4LXox+qov1K35jHcEW6VHKvZI+pyvl7fZEP4MCU5LYvIq1GuQ==",
            "cpu": [
                "loong64"
            ],
            "dev": true,
            "license": "Apache-2.0",
            "optional": true,
            "os": [
                "linux"
            ],
            "engines": {
                "node": ">=16.20.0"
            }
        },
        "node_modules/@typescript/typescript-linux-mips64el": {
            "version": "7.0.2",
            "resolved": "https://registry.npmjs.org/@typescript/typescript-linux-mips64el/-/typescript-linux-mips64el-7.0.2.tgz",
            "integrity": "sha512-R4KvAMnE43W5Qeqb0Ly56O3mWMWIAgsMyz36DCaycd5nbg/9kzm0liw3JocfRqyJY0KPmzFjbswozXyW0DnIYA==",
            "cpu": [
                "mips64el"
            ],
            "dev": true,
            "license": "Apache-2.0",
            "optional": true,
            "os": [
                "linux"
            ],
            "engines": {
                "node": ">=16.20.0"
            }
        },
        "node_modules/@typescript/typescript-linux-ppc64": {
            "version": "7.0.2",
            "resolved": "https://registry.npmjs.org/@typescript/typescript-linux-ppc64/-/typescript-linux-ppc64-7.0.2.tgz",
            "integrity": "sha512-DORx5b3sd/4S7eayxm4FQv+A7CrkUIGRaHiwI8oiHTAI1fAPWhF4J0vAlkC8biAlHSVVwxMQ3tjZ2/DVbnQiiA==",
            "cpu": [
                "ppc64"
            ],
            "dev": true,
            "license": "Apache-2.0",
            "optional": true,
            "os": [
                "linux"
            ],
            "engines": {
                "node": ">=16.20.0"
            }
        },
        "node_modules/@typescript/typescript-linux-riscv64": {
            "version": "7.0.2",
            "resolved": "https://registry.npmjs.org/@typescript/typescript-linux-riscv64/-/typescript-linux-riscv64-7.0.2.tgz",
            "integrity": "sha512-wf0jqEDOjrPRnKwYRyyJDRo11KMbvMFrU+q4zqKyChODBzvlkbhNQfKvLxQCcwTpdDaXSHZTVuh0JoCrKCUMHQ==",
            "cpu": [
                "riscv64"
            ],
            "dev": true,
            "license": "Apache-2.0",
            "optional": true,
            "os": [
                "linux"
            ],
            "engines": {
                "node": ">=16.20.0"
            }
        },
        "node_modules/@typescript/typescript-linux-s390x": {
            "version": "7.0.2",
            "resolved": "https://registry.npmjs.org/@typescript/typescript-linux-s390x/-/typescript-linux-s390x-7.0.2.tgz",
            "integrity": "sha512-IkwJc3L7yhytWd/ewjyxNDfOmswCm9GWMJT/ue/dU4aZNbwZeYAetq42VyLmsmSjvoX7z74X6ZaYCtzAr0EuGw==",
            "cpu": [
                "s390x"
            ],
            "dev": true,
            "license": "Apache-2.0",
            "optional": true,
            "os": [
                "linux"
            ],
            "engines": {
                "node": ">=16.20.0"
            }
        },
        "node_modules/@typescript/typescript-linux-x64": {
            "version": "7.0.2",
            "resolved": "https://registry.npmjs.org/@typescript/typescript-linux-x64/-/typescript-linux-x64-7.0.2.tgz",
            "integrity": "sha512-EYdf2cNg7rgCWJnxCdJ+F3V39O8ihb37eHAu1LK8oAFizgTQbPOK7zHHXbPt8rX24COqODXeI3sIf0fCXG7H/A==",
            "cpu": [
                "x64"
            ],
            "dev": true,
            "license": "Apache-2.0",
            "optional": true,
            "os": [
                "linux"
            ],
            "engines": {
                "node": ">=16.20.0"
            }
        },
        "node_modules/@typescript/typescript-netbsd-arm64": {
            "version": "7.0.2",
            "resolved": "https://registry.npmjs.org/@typescript/typescript-netbsd-arm64/-/typescript-netbsd-arm64-7.0.2.tgz",
            "integrity": "sha512-+polYF4MF04aPpO5FTkHran9yUQDSXqy5GiSDKpsll5jy3l3+g9QLhpf39T+ePtefhXLOGrLl0QIjkQP6VnelA==",
            "cpu": [
                "arm64"
            ],
            "dev": true,
            "license": "Apache-2.0",
            "optional": true,
            "os": [
                "netbsd"
            ],
            "engines": {
                "node": ">=16.20.0"
            }
        },
        "node_modules/@typescript/typescript-netbsd-x64": {
            "version": "7.0.2",
            "resolved": "https://registry.npmjs.org/@typescript/typescript-netbsd-x64/-/typescript-netbsd-x64-7.0.2.tgz",
            "integrity": "sha512-8YIT0EHM/3dq10ZOVF/A7pc/YSMtbcecct4rWtexrnSCHOPcpC2KTLXfTCR6vDpnSiY12heNb1GiN/wu+T/FyA==",
            "cpu": [
                "x64"
            ],
            "dev": true,
            "license": "Apache-2.0",
            "optional": true,
            "os": [
                "netbsd"
            ],
            "engines": {
                "node": ">=16.20.0"
            }
        },
        "node_modules/@typescript/typescript-openbsd-arm64": {
            "version": "7.0.2",
            "resolved": "https://registry.npmjs.org/@typescript/typescript-openbsd-arm64/-/typescript-openbsd-arm64-7.0.2.tgz",
            "integrity": "sha512-APT8+ClYnuYm1u9+kgGXoMj2VzWzcymwh2gNSQVySHfkRDGOTVkoWLjCmOQSaO+PoqQ57B0flRp9SA+7GnnkzQ==",
            "cpu": [
                "arm64"
            ],
            "dev": true,
            "license": "Apache-2.0",
            "optional": true,
            "os": [
                "openbsd"
            ],
            "engines": {
                "node": ">=16.20.0"
            }
        },
        "node_modules/@typescript/typescript-openbsd-x64": {
            "version": "7.0.2",
            "resolved": "https://registry.npmjs.org/@typescript/typescript-openbsd-x64/-/typescript-openbsd-x64-7.0.2.tgz",
            "integrity": "sha512-yX7s+Q0Dln0Dt9tEzZsAjXXR/+ytBM7AlglaqyeMPxQszJ1JhlJdZ6jLA+IzldHtflX81em7lDao1xXu+aRRkg==",
            "cpu": [
                "x64"
            ],
            "dev": true,
            "license": "Apache-2.0",
            "optional": true,
            "os": [
                "openbsd"
            ],
            "engines": {
                "node": ">=16.20.0"
            }
        },
        "node_modules/@typescript/typescript-sunos-x64": {
            "version": "7.0.2",
            "resolved": "https://registry.npmjs.org/@typescript/typescript-sunos-x64/-/typescript-sunos-x64-7.0.2.tgz",
            "integrity": "sha512-dLJDGaLZ1D4HPQn62u1n8mBDkJREwMsAkCdkwd4Ieqw+x3TUyTsqY0YiBCtE6H6OzzgGk3iuZ3vFWRS+E8/d1g==",
            "cpu": [
                "x64"
            ],
            "dev": true,
            "license": "Apache-2.0",
            "optional": true,
            "os": [
                "sunos"
            ],
            "engines": {
                "node": ">=16.20.0"
            }
        },
        "node_modules/@typescript/typescript-win32-arm64": {
            "version": "7.0.2",
            "resolved": "https://registry.npmjs.org/@typescript/typescript-win32-arm64/-/typescript-win32-arm64-7.0.2.tgz",
            "integrity": "sha512-Gyl1Vy6OsWesLzmq+EP0Fb7b4Nid5232AvcA2SFcdYreldpNtYFFofPjnt62y9hQy7VTaZp65ICJjuAQRaVcIQ==",
            "cpu": [
                "arm64"
            ],
            "dev": true,
            "license": "Apache-2.0",
            "optional": true,
            "os": [
                "win32"
            ],
            "engines": {
                "node": ">=16.20.0"
            }
        },
        "node_modules/@typescript/typescript-win32-x64": {
            "version": "7.0.2",
            "resolved": "https://registry.npmjs.org/@typescript/typescript-win32-x64/-/typescript-win32-x64-7.0.2.tgz",
            "integrity": "sha512-0BQ3HkAHHlKLSp1qRvf3SUhGpGsDuhB/jgFw75guyqbxJqEaS0Cw/VFO8i2nHglJUzQCRtMMR/IBAKE3ETMC4g==",
            "cpu": [
                "x64"
            ],
            "dev": true,
            "license": "Apache-2.0",
            "optional": true,
            "os": [
                "win32"
            ],
            "engines": {
                "node": ">=16.20.0"
            }
        },
        "node_modules/ansi-regex": {
            "version": "6.3.0",
            "resolved": "https://registry.npmjs.org/ansi-regex/-/ansi-regex-6.3.0.tgz",
            "integrity": "sha512-WpDfL7NO6j7tH88IDBNVdUJxDh9nmCteAVW9dsep846XdwF4naCBK+/tGLX3KJgcpgMRXCFlTM2hKGoK9FsdrQ==",
            "license": "MIT",
            "engines": {
                "node": ">=12"
            },
            "funding": {
                "url": "https://github.com/chalk/ansi-regex?sponsor=1"
            }
        },
        "node_modules/ansi-styles": {
            "version": "6.2.3",
            "resolved": "https://registry.npmjs.org/ansi-styles/-/ansi-styles-6.2.3.tgz",
            "integrity": "sha512-4Dj6M28JB+oAH8kFkTLUo+a2jwOFkuqb3yucU0CANcRRUbxS0cP0nZYCGjcc3BNXwRIsUVmDGgzawme7zvJHvg==",
            "license": "MIT",
            "engines": {
                "node": ">=12"
            },
            "funding": {
                "url": "https://github.com/chalk/ansi-styles?sponsor=1"
            }
        },
        "node_modules/antlr4ng": {
            "version": "3.0.16",
            "resolved": "https://registry.npmjs.org/antlr4ng/-/antlr4ng-3.0.16.tgz",
            "integrity": "sha512-DQuJkC7kX3xunfF4K2KsWTSvoxxslv+FQp/WHQZTJSsH2Ec3QfFmrxC3Nky2ok9yglXn6nHM4zUaVDxcN5f6kA==",
            "license": "BSD-3-Clause"
        },
        "node_modules/beautiful-mermaid": {
            "version": "1.1.3",
            "resolved": "https://registry.npmjs.org/beautiful-mermaid/-/beautiful-mermaid-1.1.3.tgz",
            "integrity": "sha512-TItrtrAyHp1vwFfFVYauWGrquouk/6SS21Aq3RsxindSYZODcN4xYrPZD6BiZRU+o5mKJzDPz9MUSMvELdylyg==",
            "license": "MIT",
            "dependencies": {
                "elkjs": "^0.11.0",
                "entities": "^7.0.1"
            }
        },
        "node_modules/cli-table3": {
            "version": "0.6.5",
            "resolved": "https://registry.npmjs.org/cli-table3/-/cli-table3-0.6.5.tgz",
            "integrity": "sha512-+W/5efTR7y5HRD7gACw9yQjqMVvEMLBHmboM/kPWam+H+Hmyrgjh6YncVKK122YZkXrLudzTuAukUw9FnMf7IQ==",
            "license": "MIT",
            "dependencies": {
                "string-width": "^4.2.0"
            },
            "engines": {
                "node": "10.* || >= 12.*"
            },
            "optionalDependencies": {
                "@colors/colors": "1.5.0"
            }
        },
        "node_modules/cli-table3/node_modules/ansi-regex": {
            "version": "5.0.1",
            "resolved": "https://registry.npmjs.org/ansi-regex/-/ansi-regex-5.0.1.tgz",
            "integrity": "sha512-quJQXlTSUGL2LH9SUXo8VwsY4soanhgo6LNSm84E1LBcE8s3O0wpdiRzyR9z/ZZJMlMWv37qOOb9pdJlMUEKFQ==",
            "license": "MIT",
            "engines": {
                "node": ">=8"
            }
        },
        "node_modules/cli-table3/node_modules/string-width": {
            "version": "4.2.3",
            "resolved": "https://registry.npmjs.org/string-width/-/string-width-4.2.3.tgz",
            "integrity": "sha512-wKyQRQpjJ0sIp62ErSZdGsjMJWsap5oRNihHhu6G7JVO/9jIB6UyevL+tXuOqrng8j/cxKTWyWUwvSTriiZz/g==",
            "license": "MIT",
            "dependencies": {
                "emoji-regex": "^8.0.0",
                "is-fullwidth-code-point": "^3.0.0",
                "strip-ansi": "^6.0.1"
            },
            "engines": {
                "node": ">=8"
            }
        },
        "node_modules/cli-table3/node_modules/strip-ansi": {
            "version": "6.0.1",
            "resolved": "https://registry.npmjs.org/strip-ansi/-/strip-ansi-6.0.1.tgz",
            "integrity": "sha512-Y38VPSHcqkFrCpFnQ9vuSXmquuv5oXOKpGeT6aGrr3o3Gc9AlVa6JBfUSOCnbxGGZF+/0ooI7KrPuUSztUdU5A==",
            "license": "MIT",
            "dependencies": {
                "ansi-regex": "^5.0.1"
            },
            "engines": {
                "node": ">=8"
            }
        },
        "node_modules/compare-versions": {
            "version": "6.1.1",
            "resolved": "https://registry.npmjs.org/compare-versions/-/compare-versions-6.1.1.tgz",
            "integrity": "sha512-4hm4VPpIecmlg59CHXnRDnqGplJFrbLG4aFEl5vl6cK1u76ws3LLvX7ikFnTDl5vo39sjWD6AaDPYodJp/NNHg==",
            "license": "MIT"
        },
        "node_modules/elkjs": {
            "version": "0.11.1",
            "resolved": "https://registry.npmjs.org/elkjs/-/elkjs-0.11.1.tgz",
            "integrity": "sha512-zxxR9k+rx5ktMwT/FwyLdPCrq7xN6e4VGGHH8hA01vVYKjTFik7nHOxBnAYtrgYUB1RpAiLvA1/U2YraWxyKKg==",
            "license": "EPL-2.0"
        },
        "node_modules/emoji-regex": {
            "version": "8.0.0",
            "resolved": "https://registry.npmjs.org/emoji-regex/-/emoji-regex-8.0.0.tgz",
            "integrity": "sha512-MSjYzcWNOA0ewAHpz0MxpYFvwg6yjy1NG3xteoqz644VCo/RPgnr1/GGt+ic3iJTzQ8Eu3TdM14SawnVUmGE6A==",
            "license": "MIT"
        },
        "node_modules/entities": {
            "version": "7.0.1",
            "resolved": "https://registry.npmjs.org/entities/-/entities-7.0.1.tgz",
            "integrity": "sha512-TWrgLOFUQTH994YUyl1yT4uyavY5nNB5muff+RtWaqNVCAK408b5ZnnbNAUEWLTCpum9w6arT70i1XdQ4UeOPA==",
            "license": "BSD-2-Clause",
            "engines": {
                "node": ">=0.12"
            },
            "funding": {
                "url": "https://github.com/fb55/entities?sponsor=1"
            }
        },
        "node_modules/fast-json-patch": {
            "version": "3.1.1",
            "resolved": "https://registry.npmjs.org/fast-json-patch/-/fast-json-patch-3.1.1.tgz",
            "integrity": "sha512-vf6IHUX2SBcA+5/+4883dsIjpBTqmfBjmYiWK1savxQmFk4JfBMLa7ynTYOs1Rolp/T1betJxHiGD3g1Mn8lUQ==",
            "license": "MIT"
        },
        "node_modules/get-east-asian-width": {
            "version": "1.6.0",
            "resolved": "https://registry.npmjs.org/get-east-asian-width/-/get-east-asian-width-1.6.0.tgz",
            "integrity": "sha512-QRbvDIbx6YklUe6RxeTeleMR0yv3cYH6PsPZHcnVn7xv7zO1BHN8r0XETu8n6Ye3Q+ahtSarc3WgtNWmehIBfA==",
            "license": "MIT",
            "engines": {
                "node": ">=18"
            },
            "funding": {
                "url": "https://github.com/sponsors/sindresorhus"
            }
        },
        "node_modules/is-fullwidth-code-point": {
            "version": "3.0.0",
            "resolved": "https://registry.npmjs.org/is-fullwidth-code-point/-/is-fullwidth-code-point-3.0.0.tgz",
            "integrity": "sha512-zymm5+u+sCsSWyD9qNaejV3DFvhCKclKdizYaJUuHA83RLjb7nSuGnddCHGv0hk+KY7BMAlsWeK4Ueg6EV6XQg==",
            "license": "MIT",
            "engines": {
                "node": ">=8"
            }
        },
        "node_modules/json-p3": {
            "version": "2.2.2",
            "resolved": "https://registry.npmjs.org/json-p3/-/json-p3-2.2.2.tgz",
            "integrity": "sha512-TmTgkx+C1ne8Wdm9dFQ4/jCeYYbSoeYJAkRpvTz6O+zWN1Dc3cKW8Mt52sa8mSRXy/+JykA5I6rmM+k8h+JRRg==",
            "license": "MIT"
        },
        "node_modules/marked": {
            "version": "18.0.11",
            "resolved": "https://registry.npmjs.org/marked/-/marked-18.0.11.tgz",
            "integrity": "sha512-HnslJfsZkRPBDJRHvVtAaWlZHEpSu7u8LgQuJCELjRKuWR+hpq4A7sLq3p8HaI9ypVoXDXxV34CsQJEe1+J5Aw==",
            "license": "MIT",
            "bin": {
                "marked": "bin/marked.js"
            },
            "engines": {
                "node": ">= 20"
            }
        },
        "node_modules/node-addon-api": {
            "version": "7.1.1",
            "resolved": "https://registry.npmjs.org/node-addon-api/-/node-addon-api-7.1.1.tgz",
            "integrity": "sha512-5m3bsyrjFWE1xf7nz7YXdN4udnVtXK6/Yfgn5qnahL6bCkf2yKt4k3nuTKAtT4r3IG8JNR2ncsIMdZuAzJjHQQ==",
            "dev": true,
            "license": "MIT"
        },
        "node_modules/node-pty": {
            "version": "1.1.0",
            "resolved": "https://registry.npmjs.org/node-pty/-/node-pty-1.1.0.tgz",
            "integrity": "sha512-20JqtutY6JPXTUnL0ij1uad7Qe1baT46lyolh2sSENDd4sTzKZ4nmAFkeAARDKwmlLjPx6XKRlwRUxwjOy+lUg==",
            "dev": true,
            "hasInstallScript": true,
            "license": "MIT",
            "dependencies": {
                "node-addon-api": "^7.1.0"
            }
        },
        "node_modules/rxjs": {
            "version": "7.8.1",
            "resolved": "https://registry.npmjs.org/rxjs/-/rxjs-7.8.1.tgz",
            "integrity": "sha512-AA3TVj+0A2iuIoQkWEK/tqFjBq2j+6PO6Y0zJcvzLAFhEFIO3HL0vls9hWLncZbAAbK0mar7oZ4V079I/qPMxg==",
            "license": "Apache-2.0",
            "dependencies": {
                "tslib": "^2.1.0"
            }
        },
        "node_modules/string-width": {
            "version": "8.2.2",
            "resolved": "https://registry.npmjs.org/string-width/-/string-width-8.2.2.tgz",
            "integrity": "sha512-GaPUh5gfdrYzqeVNZvUfT23vYYxXzKYidUcnMtJg/3rxRV63EFZy3k6xfKlmfeJD0176lnUV/Usr3XcwSvFzpg==",
            "license": "MIT",
            "dependencies": {
                "get-east-asian-width": "^1.5.0",
                "strip-ansi": "^7.1.2"
            },
            "engines": {
                "node": ">=20"
            },
            "funding": {
                "url": "https://github.com/sponsors/sindresorhus"
            }
        },
        "node_modules/strip-ansi": {
            "version": "7.2.0",
            "resolved": "https://registry.npmjs.org/strip-ansi/-/strip-ansi-7.2.0.tgz",
            "integrity": "sha512-yDPMNjp4WyfYBkHnjIRLfca1i6KMyGCtsVgoKe/z1+6vukgaENdgGBZt+ZmKPc4gavvEZ5OgHfHdrazhgNyG7w==",
            "license": "MIT",
            "dependencies": {
                "ansi-regex": "^6.2.2"
            },
            "engines": {
                "node": ">=12"
            },
            "funding": {
                "url": "https://github.com/chalk/strip-ansi?sponsor=1"
            }
        },
        "node_modules/tslib": {
            "version": "2.8.1",
            "resolved": "https://registry.npmjs.org/tslib/-/tslib-2.8.1.tgz",
            "integrity": "sha512-oJFu94HQb+KVduSUQL7wnpmqnfmLsOA/nAh6b6EH0wCEoK0/mPeXU6c3wKDV83MkOuHPRHtSXKKU99IBazS/2w==",
            "license": "0BSD"
        },
        "node_modules/typescript": {
            "version": "7.0.2",
            "resolved": "https://registry.npmjs.org/typescript/-/typescript-7.0.2.tgz",
            "integrity": "sha512-8FYau96o3NKOhbjKi/qNvG/W5jhzxkbdm5sj9AbZ/5T5sWqn3hJgLfGx27sRKZWTvyzCP8dLRBTf5tBTSRVUNA==",
            "dev": true,
            "license": "Apache-2.0",
            "bin": {
                "tsc": "bin/tsc"
            },
            "engines": {
                "node": ">=16.20.0"
            },
            "optionalDependencies": {
                "@typescript/typescript-aix-ppc64": "7.0.2",
                "@typescript/typescript-darwin-arm64": "7.0.2",
                "@typescript/typescript-darwin-x64": "7.0.2",
                "@typescript/typescript-freebsd-arm64": "7.0.2",
                "@typescript/typescript-freebsd-x64": "7.0.2",
                "@typescript/typescript-linux-arm": "7.0.2",
                "@typescript/typescript-linux-arm64": "7.0.2",
                "@typescript/typescript-linux-loong64": "7.0.2",
                "@typescript/typescript-linux-mips64el": "7.0.2",
                "@typescript/typescript-linux-ppc64": "7.0.2",
                "@typescript/typescript-linux-riscv64": "7.0.2",
                "@typescript/typescript-linux-s390x": "7.0.2",
                "@typescript/typescript-linux-x64": "7.0.2",
                "@typescript/typescript-netbsd-arm64": "7.0.2",
                "@typescript/typescript-netbsd-x64": "7.0.2",
                "@typescript/typescript-openbsd-arm64": "7.0.2",
                "@typescript/typescript-openbsd-x64": "7.0.2",
                "@typescript/typescript-sunos-x64": "7.0.2",
                "@typescript/typescript-win32-arm64": "7.0.2",
                "@typescript/typescript-win32-x64": "7.0.2"
            }
        },
        "node_modules/undici-types": {
            "version": "8.3.0",
            "resolved": "https://registry.npmjs.org/undici-types/-/undici-types-8.3.0.tgz",
            "integrity": "sha512-j375ScV60dom+YkPFIfTLcOiPxkN/buHz5GobjLhixFuANaNs3C9l4GmrWqejgXWJ7BbJcFYpTEUkS1Ge8bpZQ==",
            "dev": true,
            "license": "MIT"
        },
        "node_modules/untruncate-json": {
            "version": "0.0.1",
            "resolved": "https://registry.npmjs.org/untruncate-json/-/untruncate-json-0.0.1.tgz",
            "integrity": "sha512-4W9enDK4X1y1s2S/Rz7ysw6kDuMS3VmRjMFg7GZrNO+98OSe+x5Lh7PKYoVjy3lW/1wmhs6HW0lusnQRHgMarA==",
            "license": "MIT"
        },
        "node_modules/uuid": {
            "version": "11.1.1",
            "resolved": "https://registry.npmjs.org/uuid/-/uuid-11.1.1.tgz",
            "integrity": "sha512-vIYxrBCC/N/K+Js3qSN88go7kIfNPssr/hHCesKCQNAjmgvYS2oqr69kIufEG+O4+PfezOH4EbIeHCfFov8ZgQ==",
            "funding": [
                "https://github.com/sponsors/broofa",
                "https://github.com/sponsors/ctavan"
            ],
            "license": "MIT",
            "bin": {
                "uuid": "dist/esm/bin/uuid"
            }
        },
        "node_modules/wrap-ansi": {
            "version": "10.0.1",
            "resolved": "https://registry.npmjs.org/wrap-ansi/-/wrap-ansi-10.0.1.tgz",
            "integrity": "sha512-M0N4xzyzosiIok3svYlEo1sdLZts/8FPgYH/GPC3wvlmPoRvnoManGMrE54waYj3tISA8w6lsdesfVv67qSr8Q==",
            "license": "MIT",
            "dependencies": {
                "ansi-styles": "^6.2.3",
                "string-width": "^8.2.0"
            },
            "engines": {
                "node": ">=20"
            },
            "funding": {
                "url": "https://github.com/chalk/wrap-ansi?sponsor=1"
            }
        },
        "node_modules/xpath": {
            "version": "0.0.34",
            "resolved": "https://registry.npmjs.org/xpath/-/xpath-0.0.34.tgz",
            "integrity": "sha512-FxF6+rkr1rNSQrhUNYrAFJpRXNzlDoMxeXN5qI84939ylEv3qqPFKa85Oxr6tDaJKqwW6KKyo2v26TSv3k6LeA==",
            "license": "MIT",
            "engines": {
                "node": ">=0.6.0"
            }
        },
        "node_modules/zod": {
            "version": "3.25.76",
            "resolved": "https://registry.npmjs.org/zod/-/zod-3.25.76.tgz",
            "integrity": "sha512-gzUt/qt81nXsFGKIFcC3YnfEAx5NkunCfnDlvuBSSFS02bcXu4Lmea0AFIUwbLWxWPx3d9p8S5QoaujKcNQxcQ==",
            "license": "MIT",
            "funding": {
                "url": "https://github.com/sponsors/colinhacks"
            }
        }
    }
}
